
Microsoft Visual Studio Solution File, Format Version 12.00
# Visual Studio Version 17
VisualStudioVersion = 17.0.31612.314
MinimumVisualStudioVersion = 10.0.40219.1
Project("{FAE04EC0-301F-11D3-BF4B-00C04F79EFBC}") = "Login", "Login\Login.csproj", "{2C815590-50B6-4883-9DBD-D439B44B6182}"
EndProject
Global
	GlobalSection(SolutionConfigurationPlatforms) = preSolution
		Debug|Any CPU = Debug|Any CPU
		Release|Any CPU = Release|Any CPU
	EndGlobalSection
	GlobalSection(ProjectConfigurationPlatforms) = postSolution
		{2C815590-50B6-4883-9DBD-D439B44B6182}.Debug|Any CPU.ActiveCfg = Debug|Any CPU
		{2C815590-50B6-4883-9DBD-D439B44B6182}.Debug|Any CPU.Build.0 = Debug|Any CPU
		{2C815590-50B6-4883-9DBD-D439B44B6182}.Release|Any CPU.ActiveCfg = Release|Any CPU
		{2C815590-50B6-4883-9DBD-D439B44B6182}.Release|Any CPU.Build.0 = Release|Any CPU
	EndGlobalSection
	GlobalSection(SolutionProperties) = preSolution
		HideSolutionNode = FALSE
	EndGlobalSection
	GlobalSection(ExtensibilityGlobals) = postSolution
		SolutionGuid = {4798114C-68B8-44AB-884A-2F6F5EFBC11F}
	EndGlobalSection
EndGlobal
